{
    "name": "yaf-framework",
    "version": "1.0.7",
    "lockfileVersion": 2,
    "requires": true,
    "packages": {
        "": {
            "name": "yaf-framework",
            "version": "1.0.7",
            "license": "ISC",
            "engines": {
                "node": ">=14.0.0"
            }
        }
    }
}
